
Microsoft Visual Studio Solution File, Format Version 12.00
# Visual Studio Version 17
VisualStudioVersion = 17.2.32630.192
MinimumVisualStudioVersion = 10.0.40219.1
Project("{FAE04EC0-301F-11D3-BF4B-00C04F79EFBC}") = "OrientacaoObjeto", "OrientacaoObjeto\OrientacaoObjeto.csproj", "{023BE39D-4A82-4214-8142-F9CB9B2315F0}"
EndProject
Global
	GlobalSection(SolutionConfigurationPlatforms) = preSolution
		Debug|Any CPU = Debug|Any CPU
		Release|Any CPU = Release|Any CPU
	EndGlobalSection
	GlobalSection(ProjectConfigurationPlatforms) = postSolution
		{023BE39D-4A82-4214-8142-F9CB9B2315F0}.Debug|Any CPU.ActiveCfg = Debug|Any CPU
		{023BE39D-4A82-4214-8142-F9CB9B2315F0}.Debug|Any CPU.Build.0 = Debug|Any CPU
		{023BE39D-4A82-4214-8142-F9CB9B2315F0}.Release|Any CPU.ActiveCfg = Release|Any CPU
		{023BE39D-4A82-4214-8142-F9CB9B2315F0}.Release|Any CPU.Build.0 = Release|Any CPU
	EndGlobalSection
	GlobalSection(SolutionProperties) = preSolution
		HideSolutionNode = FALSE
	EndGlobalSection
	GlobalSection(ExtensibilityGlobals) = postSolution
		SolutionGuid = {22B9E429-AADE-49C8-ACD3-FF4B931334C1}
	EndGlobalSection
EndGlobal
